// !$*UTF8*$!
{
	archiveVersion = 1;
	classes = {
	};
	objectVersion = 46;
	objects = {

/* Begin PBXBuildFile section */
		180671F81D265AEB001F527A /* AppDelegate.swift in Sources */ = {isa = PBXBuildFile; fileRef = 180671F71D265AEB001F527A /* AppDelegate.swift */; };
		180671FA1D265AEB001F527A /* ViewController.swift in Sources */ = {isa = PBXBuildFile; fileRef = 180671F91D265AEB001F527A /* ViewController.swift */; };
		180671FD1D265AEB001F527A /* Main.storyboard in Resources */ = {isa = PBXBuildFile; fileRef = 180671FB1D265AEB001F527A /* Main.storyboard */; };
		180671FF1D265AEB001F527A /* Assets.xcassets in Resources */ = {isa = PBXBuildFile; fileRef = 180671FE1D265AEB001F527A /* Assets.xcassets */; };
		180672021D265AEB001F527A /* LaunchScreen.storyboard in Resources */ = {isa = PBXBuildFile; fileRef = 180672001D265AEB001F527A /* LaunchScreen.storyboard */; };
		1806720D1D265AEB001F527A /* t2Tests.swift in Sources */ = {isa = PBXBuildFile; fileRef = 1806720C1D265AEB001F527A /* t2Tests.swift */; };
		180672181D265AEB001F527A /* t2UITests.swift in Sources */ = {isa = PBXBuildFile; fileRef = 180672171D265AEB001F527A /* t2UITests.swift */; };
/* End PBXBuildFile section */

/* Begin PBXContainerItemProxy section */
		180672091D265AEB001F527A /* PBXContainerItemProxy */ = {
			isa = PBXContainerItemProxy;
			containerPortal = 180671EC1D265AEB001F527A /* Project object */;
			proxyType = 1;
			remoteGlobalIDString = 180671F31D265AEB001F527A;
			remoteInfo = t2;
		};
		180672141D265AEB001F527A /* PBXContainerItemProxy */ = {
			isa = PBXContainerItemProxy;
			containerPortal = 180671EC1D265AEB001F527A /* Project object */;
			proxyType = 1;
			remoteGlobalIDString = 180671F31D265AEB001F527A;
			remoteInfo = t2;
		};
/* End PBXContainerItemProxy section */

/* Begin PBXFileReference section */
		180671F41D265AEB001F527A /* t2.app */ = {isa = PBXFileReference; explicitFileType = wrapper.application; includeInIndex = 0; path = t2.app; sourceTree = BUILT_PRODUCTS_DIR; };
		180671F71D265AEB001F527A /* AppDelegate.swift */ = {isa = PBXFileReference; lastKnownFileType = sourcecode.swift; path = AppDelegate.swift; sourceTree = "<group>"; };
		180671F91D265AEB001F527A /* ViewController.swift */ = {isa = PBXFileReference; lastKnownFileType = sourcecode.swift; path = ViewController.swift; sourceTree = "<group>"; };
		180671FC1D265AEB001F527A /* Base */ = {isa = PBXFileReference; lastKnownFileType = file.storyboard; name = Base; path = Base.lproj/Main.storyboard; sourceTree = "<group>"; };
		180671FE1D265AEB001F527A /* Assets.xcassets */ = {isa = PBXFileReference; lastKnownFileType = folder.assetcatalog; path = Assets.xcassets; sourceTree = "<group>"; };
		180672011D265AEB001F527A /* Base */ = {isa = PBXFileReference; lastKnownFileType = file.storyboard; name = Base; path = Base.lproj/LaunchScreen.storyboard; sourceTree = "<group>"; };
		180672031D265AEB001F527A /* Info.plist */ = {isa = PBXFileReference; lastKnownFileType = text.plist.xml; path = Info.plist; sourceTree = "<group>"; };
		180672081D265AEB001F527A /* t2Tests.xctest */ = {isa = PBXFileReference; explicitFileType = wrapper.cfbundle; includeInIndex = 0; path = t2Tests.xctest; sourceTree = BUILT_PRODUCTS_DIR; };
		1806720C1D265AEB001F527A /* t2Tests.swift */ = {isa = PBXFileReference; lastKnownFileType = sourcecode.swift; path = t2Tests.swift; sourceTree = "<group>"; };
		1806720E1D265AEB001F527A /* Info.plist */ = {isa = PBXFileReference; lastKnownFileType = text.plist.xml; path = Info.plist; sourceTree = "<group>"; };
		180672131D265AEB001F527A /* t2UITests.xctest */ = {isa = PBXFileReference; explicitFileType = wrapper.cfbundle; includeInIndex = 0; path = t2UITests.xctest; sourceTree = BUILT_PRODUCTS_DIR; };
		180672171D265AEB001F527A /* t2UITests.swift */ = {isa = PBXFileReference; lastKnownFileType = sourcecode.swift; path = t2UITests.swift; sourceTree = "<group>"; };
		180672191D265AEB001F527A /* Info.plist */ = {isa = PBXFileReference; lastKnownFileType = text.plist.xml; path = Info.plist; sourceTree = "<group>"; };
/* End PBXFileReference section */

/* Begin PBXFrameworksBuildPhase section */
		180671F11D265AEB001F527A /* Frameworks */ = {
			isa = PBXFrameworksBuildPhase;
			buildActionMask = 2147483647;
			files = (
			);
			runOnlyForDeploymentPostprocessing = 0;
		};
		180672051D265AEB001F527A /* Frameworks */ = {
			isa = PBXFrameworksBuildPhase;
			buildActionMask = 2147483647;
			files = (
			);
			runOnlyForDeploymentPostprocessing = 0;
		};
		180672101D265AEB001F527A /* Frameworks */ = {
			isa = PBXFrameworksBuildPhase;
			buildActionMask = 2147483647;
			files = (
			);
			runOnlyForDeploymentPostprocessing = 0;
		};
/* End PBXFrameworksBuildPhase section */

/* Begin PBXGroup section */
		180671EB1D265AEB001F527A = {
			isa = PBXGroup;
			children = (
				180671F61D265AEB001F527A /* t2 */,
				1806720B1D265AEB001F527A /* t2Tests */,
				180672161D265AEB001F527A /* t2UITests */,
				180671F51D265AEB001F527A /* Products */,
			);
			sourceTree = "<group>";
		};
		180671F51D265AEB001F527A /* Products */ = {
			isa = PBXGroup;
			children = (
				180671F41D265AEB001F527A /* t2.app */,
				180672081D265AEB001F527A /* t2Tests.xctest */,
				180672131D265AEB001F527A /* t2UITests.xctest */,
			);
			name = Products;
			sourceTree = "<group>";
		};
		180671F61D265AEB001F527A /* t2 */ = {
			isa = PBXGroup;
			children = (
				180671F71D265AEB001F527A /* AppDelegate.swift */,
				180671F91D265AEB001F527A /* ViewController.swift */,
				180671FB1D265AEB001F527A /* Main.storyboard */,
				180671FE1D265AEB001F527A /* Assets.xcassets */,
				180672001D265AEB001F527A /* LaunchScreen.storyboard */,
				180672031D265AEB001F527A /* Info.plist */,
			);
			path = t2;
			sourceTree = "<group>";
		};
		1806720B1D265AEB001F527A /* t2Tests */ = {
			isa = PBXGroup;
			children = (
				1806720C1D265AEB001F527A /* t2Tests.swift */,
				1806720E1D265AEB001F527A /* Info.plist */,
			);
			path = t2Tests;
			sourceTree = "<group>";
		};
		180672161D265AEB001F527A /* t2UITests */ = {
			isa = PBXGroup;
			children = (
				180672171D265AEB001F527A /* t2UITests.swift */,
				180672191D265AEB001F527A /* Info.plist */,
			);
			path = t2UITests;
			sourceTree = "<group>";
		};
/* End PBXGroup section */

/* Begin PBXNativeTarget section */
		180671F31D265AEB001F527A /* t2 */ = {
			isa = PBXNativeTarget;
			buildConfigurationList = 1806721C1D265AEB001F527A /* Build configuration list for PBXNativeTarget "t2" */;
			buildPhases = (
				180671F01D265AEB001F527A /* Sources */,
				180671F11D265AEB001F527A /* Frameworks */,
				180671F21D265AEB001F527A /* Resources */,
			);
			buildRules = (
			);
			dependencies = (
			);
			name = t2;
			productName = t2;
			productReference = 180671F41D265AEB001F527A /* t2.app */;
			productType = "com.apple.product-type.application";
		};
		180672071D265AEB001F527A /* t2Tests */ = {
			isa = PBXNativeTarget;
			buildConfigurationList = 1806721F1D265AEB001F527A /* Build configuration list for PBXNativeTarget "t2Tests" */;
			buildPhases = (
				180672041D265AEB001F527A /* Sources */,
				180672051D265AEB001F527A /* Frameworks */,
				180672061D265AEB001F527A /* Resources */,
			);
			buildRules = (
			);
			dependencies = (
				1806720A1D265AEB001F527A /* PBXTargetDependency */,
			);
			name = t2Tests;
			productName = t2Tests;
			productReference = 180672081D265AEB001F527A /* t2Tests.xctest */;
			productType = "com.apple.product-type.bundle.unit-test";
		};
		180672121D265AEB001F527A /* t2UITests */ = {
			isa = PBXNativeTarget;
			buildConfigurationList = 180672221D265AEB001F527A /* Build configuration list for PBXNativeTarget "t2UITests" */;
			buildPhases = (
				1806720F1D265AEB001F527A /* Sources */,
				180672101D265AEB001F527A /* Frameworks */,
				180672111D265AEB001F527A /* Resources */,
			);
			buildRules = (
			);
			dependencies = (
				180672151D265AEB001F527A /* PBXTargetDependency */,
			);
			name = t2UITests;
			productName = t2UITests;
			productReference = 180672131D265AEB001F527A /* t2UITests.xctest */;
			productType = "com.apple.product-type.bundle.ui-testing";
		};
/* End PBXNativeTarget section */

/* Begin PBXProject section */
		180671EC1D265AEB001F527A /* Project object */ = {
			isa = PBXProject;
			attributes = {
				LastSwiftUpdateCheck = 0730;
				LastUpgradeCheck = 0730;
				ORGANIZATIONNAME = Apple;
				TargetAttributes = {
					180671F31D265AEB001F527A = {
						CreatedOnToolsVersion = 7.3.1;
					};
					180672071D265AEB001F527A = {
						CreatedOnToolsVersion = 7.3.1;
						TestTargetID = 180671F31D265AEB001F527A;
					};
					180672121D265AEB001F527A = {
						CreatedOnToolsVersion = 7.3.1;
						TestTargetID = 180671F31D265AEB001F527A;
					};
				};
			};
			buildConfigurationList = 180671EF1D265AEB001F527A /* Build configuration list for PBXProject "t2" */;
			compatibilityVersion = "Xcode 3.2";
			developmentRegion = English;
			hasScannedForEncodings = 0;
			knownRegions = (
				en,
				Base,
			);
			mainGroup = 180671EB1D265AEB001F527A;
			productRefGroup = 180671F51D265AEB001F527A /* Products */;
			projectDirPath = "";
			projectRoot = "";
			targets = (
				180671F31D265AEB001F527A /* t2 */,
				180672071D265AEB001F527A /* t2Tests */,
				180672121D265AEB001F527A /* t2UITests */,
			);
		};
/* End PBXProject section */

/* Begin PBXResourcesBuildPhase section */
		180671F21D265AEB001F527A /* Resources */ = {
			isa = PBXResourcesBuildPhase;
			buildActionMask = 2147483647;
			files = (
				180672021D265AEB001F527A /* LaunchScreen.storyboard in Resources */,
				180671FF1D265AEB001F527A /* Assets.xcassets in Resources */,
				180671FD1D265AEB001F527A /* Main.storyboard in Resources */,
			);
			runOnlyForDeploymentPostprocessing = 0;
		};
		180672061D265AEB001F527A /* Resources */ = {
			isa = PBXResourcesBuildPhase;
			buildActionMask = 2147483647;
			files = (
			);
			runOnlyForDeploymentPostprocessing = 0;
		};
		180672111D265AEB001F527A /* Resources */ = {
			isa = PBXResourcesBuildPhase;
			buildActionMask = 2147483647;
			files = (
			);
			runOnlyForDeploymentPostprocessing = 0;
		};
/* End PBXResourcesBuildPhase section */

/* Begin PBXSourcesBuildPhase section */
		180671F01D265AEB001F527A /* Sources */ = {
			isa = PBXSourcesBuildPhase;
			buildActionMask = 2147483647;
			files = (
				180671FA1D265AEB001F527A /* ViewController.swift in Sources */,
				180671F81D265AEB001F527A /* AppDelegate.swift in Sources */,
			);
			runOnlyForDeploymentPostprocessing = 0;
		};
		180672041D265AEB001F527A /* Sources */ = {
			isa = PBXSourcesBuildPhase;
			buildActionMask = 2147483647;
			files = (
				1806720D1D265AEB001F527A /* t2Tests.swift in Sources */,
			);
			runOnlyForDeploymentPostprocessing = 0;
		};
		1806720F1D265AEB001F527A /* Sources */ = {
			isa = PBXSourcesBuildPhase;
			buildActionMask = 2147483647;
			files = (
				180672181D265AEB001F527A /* t2UITests.swift in Sources */,
			);
			runOnlyForDeploymentPostprocessing = 0;
		};
/* End PBXSourcesBuildPhase section */

/* Begin PBXTargetDependency section */
		1806720A1D265AEB001F527A /* PBXTargetDependency */ = {
			isa = PBXTargetDependency;
			target = 180671F31D265AEB001F527A /* t2 */;
			targetProxy = 180672091D265AEB001F527A /* PBXContainerItemProxy */;
		};
		180672151D265AEB001F527A /* PBXTargetDependency */ = {
			isa = PBXTargetDependency;
			target = 180671F31D265AEB001F527A /* t2 */;
			targetProxy = 180672141D265AEB001F527A /* PBXContainerItemProxy */;
		};
/* End PBXTargetDependency section */

/* Begin PBXVariantGroup section */
		180671FB1D265AEB001F527A /* Main.storyboard */ = {
			isa = PBXVariantGroup;
			children = (
				180671FC1D265AEB001F527A /* Base */,
			);
			name = Main.storyboard;
			sourceTree = "<group>";
		};
		180672001D265AEB001F527A /* LaunchScreen.storyboard */ = {
			isa = PBXVariantGroup;
			children = (
				180672011D265AEB001F527A /* Base */,
			);
			name = LaunchScreen.storyboard;
			sourceTree = "<group>";
		};
/* End PBXVariantGroup section */

/* Begin XCBuildConfiguration section */
		1806721A1D265AEB001F527A /* Debug */ = {
			isa = XCBuildConfiguration;
			buildSettings = {
				ALWAYS_SEARCH_USER_PATHS = NO;
				CLANG_ANALYZER_NONNULL = YES;
				CLANG_CXX_LANGUAGE_STANDARD = "gnu++0x";
				CLANG_CXX_LIBRARY = "libc++";
				CLANG_ENABLE_MODULES = YES;
				CLANG_ENABLE_OBJC_ARC = YES;
				CLANG_WARN_BOOL_CONVERSION = YES;
				CLANG_WARN_CONSTANT_CONVERSION = YES;
				CLANG_WARN_DIRECT_OBJC_ISA_USAGE = YES_ERROR;
				CLANG_WARN_EMPTY_BODY = YES;
				CLANG_WARN_ENUM_CONVERSION = YES;
				CLANG_WARN_INT_CONVERSION = YES;
				CLANG_WARN_OBJC_ROOT_CLASS = YES_ERROR;
				CLANG_WARN_UNREACHABLE_CODE = YES;
				CLANG_WARN__DUPLICATE_METHOD_MATCH = YES;
				"CODE_SIGN_IDENTITY[sdk=iphoneos*]" = "iPhone Developer";
				COPY_PHASE_STRIP = NO;
				DEBUG_INFORMATION_FORMAT = dwarf;
				ENABLE_STRICT_OBJC_MSGSEND = YES;
				ENABLE_TESTABILITY = YES;
				GCC_C_LANGUAGE_STANDARD = gnu99;
				GCC_DYNAMIC_NO_PIC = NO;
				GCC_NO_COMMON_BLOCKS = YES;
				GCC_OPTIMIZATION_LEVEL = 0;
				GCC_PREPROCESSOR_DEFINITIONS = (
					"DEBUG=1",
					"$(inherited)",
				);
				GCC_WARN_64_TO_32_BIT_CONVERSION = YES;
				GCC_WARN_ABOUT_RETURN_TYPE = YES_ERROR;
				GCC_WARN_UNDECLARED_SELECTOR = YES;
				GCC_WARN_UNINITIALIZED_AUTOS = YES_AGGRESSIVE;
				GCC_WARN_UNUSED_FUNCTION = YES;
				GCC_WARN_UNUSED_VARIABLE = YES;
				IPHONEOS_DEPLOYMENT_TARGET = 9.3;
				MTL_ENABLE_DEBUG_INFO = YES;
				ONLY_ACTIVE_ARCH = YES;
				SDKROOT = iphoneos;
				SWIFT_OPTIMIZATION_LEVEL = "-Onone";
				TARGETED_DEVICE_FAMILY = "1,2";
			};
			name = Debug;
		};
		1806721B1D265AEB001F527A /* Release */ = {
			isa = XCBuildConfiguration;
			buildSettings = {
				ALWAYS_SEARCH_USER_PATHS = NO;
				CLANG_ANALYZER_NONNULL = YES;
				CLANG_CXX_LANGUAGE_STANDARD = "gnu++0x";
				CLANG_CXX_LIBRARY = "libc++";
				CLANG_ENABLE_MODULES = YES;
				CLANG_ENABLE_OBJC_ARC = YES;
				CLANG_WARN_BOOL_CONVERSION = YES;
				CLANG_WARN_CONSTANT_CONVERSION = YES;
				CLANG_WARN_DIRECT_OBJC_ISA_USAGE = YES_ERROR;
				CLANG_WARN_EMPTY_BODY = YES;
				CLANG_WARN_ENUM_CONVERSION = YES;
				CLANG_WARN_INT_CONVERSION = YES;
				CLANG_WARN_OBJC_ROOT_CLASS = YES_ERROR;
				CLANG_WARN_UNREACHABLE_CODE = YES;
				CLANG_WARN__DUPLICATE_METHOD_MATCH = YES;
				"CODE_SIGN_IDENTITY[sdk=iphoneos*]" = "iPhone Developer";
				COPY_PHASE_STRIP = NO;
				DEBUG_INFORMATION_FORMAT = "dwarf-with-dsym";
				ENABLE_NS_ASSERTIONS = NO;
				ENABLE_STRICT_OBJC_MSGSEND = YES;
				GCC_C_LANGUAGE_STANDARD = gnu99;
				GCC_NO_COMMON_BLOCKS = YES;
				GCC_WARN_64_TO_32_BIT_CONVERSION = YES;
				GCC_WARN_ABOUT_RETURN_TYPE = YES_ERROR;
				GCC_WARN_UNDECLARED_SELECTOR = YES;
				GCC_WARN_UNINITIALIZED_AUTOS = YES_AGGRESSIVE;
				GCC_WARN_UNUSED_FUNCTION = YES;
				GCC_WARN_UNUSED_VARIABLE = YES;
				IPHONEOS_DEPLOYMENT_TARGET = 9.3;
				MTL_ENABLE_DEBUG_INFO = NO;
				SDKROOT = iphoneos;
				TARGETED_DEVICE_FAMILY = "1,2";
				VALIDATE_PRODUCT = YES;
			};
			name = Release;
		};
		1806721D1D265AEB001F527A /* Debug */ = {
			isa = XCBuildConfiguration;
			buildSettings = {
				ASSETCATALOG_COMPILER_APPICON_NAME = AppIcon;
				INFOPLIST_FILE = t2/Info.plist;
				LD_RUNPATH_SEARCH_PATHS = "$(inherited) @executable_path/Frameworks";
				PRODUCT_BUNDLE_IDENTIFIER = baozi.t2;
				PRODUCT_NAME = "$(TARGET_NAME)";
			};
			name = Debug;
		};
		1806721E1D265AEB001F527A /* Release */ = {
			isa = XCBuildConfiguration;
			buildSettings = {
				ASSETCATALOG_COMPILER_APPICON_NAME = AppIcon;
				INFOPLIST_FILE = t2/Info.plist;
				LD_RUNPATH_SEARCH_PATHS = "$(inherited) @executable_path/Frameworks";
				PRODUCT_BUNDLE_IDENTIFIER = baozi.t2;
				PRODUCT_NAME = "$(TARGET_NAME)";
			};
			name = Release;
		};
		180672201D265AEB001F527A /* Debug */ = {
			isa = XCBuildConfiguration;
			buildSettings = {
				BUNDLE_LOADER = "$(TEST_HOST)";
				INFOPLIST_FILE = t2Tests/Info.plist;
				LD_RUNPATH_SEARCH_PATHS = "$(inherited) @executable_path/Frameworks @loader_path/Frameworks";
				PRODUCT_BUNDLE_IDENTIFIER = baozi.t2Tests;
				PRODUCT_NAME = "$(TARGET_NAME)";
				TEST_HOST = "$(BUILT_PRODUCTS_DIR)/t2.app/t2";
			};
			name = Debug;
		};
		180672211D265AEB001F527A /* Release */ = {
			isa = XCBuildConfiguration;
			buildSettings = {
				BUNDLE_LOADER = "$(TEST_HOST)";
				INFOPLIST_FILE = t2Tests/Info.plist;
				LD_RUNPATH_SEARCH_PATHS = "$(inherited) @executable_path/Frameworks @loader_path/Frameworks";
				PRODUCT_BUNDLE_IDENTIFIER = baozi.t2Tests;
				PRODUCT_NAME = "$(TARGET_NAME)";
				TEST_HOST = "$(BUILT_PRODUCTS_DIR)/t2.app/t2";
			};
			name = Release;
		};
		180672231D265AEB001F527A /* Debug */ = {
			isa = XCBuildConfiguration;
			buildSettings = {
				INFOPLIST_FILE = t2UITests/Info.plist;
				LD_RUNPATH_SEARCH_PATHS = "$(inherited) @executable_path/Frameworks @loader_path/Frameworks";
				PRODUCT_BUNDLE_IDENTIFIER = baozi.t2UITests;
				PRODUCT_NAME = "$(TARGET_NAME)";
				TEST_TARGET_NAME = t2;
			};
			name = Debug;
		};
		180672241D265AEB001F527A /* Release */ = {
			isa = XCBuildConfiguration;
			buildSettings = {
				INFOPLIST_FILE = t2UITests/Info.plist;
				LD_RUNPATH_SEARCH_PATHS = "$(inherited) @executable_path/Frameworks @loader_path/Frameworks";
				PRODUCT_BUNDLE_IDENTIFIER = baozi.t2UITests;
				PRODUCT_NAME = "$(TARGET_NAME)";
				TEST_TARGET_NAME = t2;
			};
			name = Release;
		};
/* End XCBuildConfiguration section */

/* Begin XCConfigurationList section */
		180671EF1D265AEB001F527A /* Build configuration list for PBXProject "t2" */ = {
			isa = XCConfigurationList;
			buildConfigurations = (
				1806721A1D265AEB001F527A /* Debug */,
				1806721B1D265AEB001F527A /* Release */,
			);
			defaultConfigurationIsVisible = 0;
			defaultConfigurationName = Release;
		};
		1806721C1D265AEB001F527A /* Build configuration list for PBXNativeTarget "t2" */ = {
			isa = XCConfigurationList;
			buildConfigurations = (
				1806721D1D265AEB001F527A /* Debug */,
				1806721E1D265AEB001F527A /* Release */,
			);
			defaultConfigurationIsVisible = 0;
		};
		1806721F1D265AEB001F527A /* Build configuration list for PBXNativeTarget "t2Tests" */ = {
			isa = XCConfigurationList;
			buildConfigurations = (
				180672201D265AEB001F527A /* Debug */,
				180672211D265AEB001F527A /* Release */,
			);
			defaultConfigurationIsVisible = 0;
		};
		180672221D265AEB001F527A /* Build configuration list for PBXNativeTarget "t2UITests" */ = {
			isa = XCConfigurationList;
			buildConfigurations = (
				180672231D265AEB001F527A /* Debug */,
				180672241D265AEB001F527A /* Release */,
			);
			defaultConfigurationIsVisible = 0;
		};
/* End XCConfigurationList section */
	};
	rootObject = 180671EC1D265AEB001F527A /* Project object */;
}
